{
    "_readme": [
        "This file locks the dependencies of your project to a known state",
        "Read more about it at https://getcomposer.org/doc/01-basic-usage.md#composer-lock-the-lock-file",
        "This file is @generated automatically"
    ],
    "content-hash": "17ae5db6dac11e1188cc36bed372dc66",
    "packages": [
        {
            "name": "composer/installers",
            "version": "v1.3.0",
            "source": {
                "type": "git",
                "url": "https://github.com/composer/installers.git",
                "reference": "79ad876c7498c0bbfe7eed065b8651c93bfd6045"
            },
            "dist": {
                "type": "zip",
                "url": "https://api.github.com/repos/composer/installers/zipball/79ad876c7498c0bbfe7eed065b8651c93bfd6045",
                "reference": "79ad876c7498c0bbfe7eed065b8651c93bfd6045",
                "shasum": ""
            },
            "require": {
                "composer-plugin-api": "^1.0"
            },
            "replace": {
                "roundcube/plugin-installer": "*",
                "shama/baton": "*"
            },
            "require-dev": {
                "composer/composer": "1.0.*@dev",
                "phpunit/phpunit": "4.1.*"
            },
            "type": "composer-plugin",
            "extra": {
                "class": "Composer\\Installers\\Plugin",
                "branch-alias": {
                    "dev-master": "1.0-dev"
                }
            },
            "autoload": {
                "psr-4": {
                    "Composer\\Installers\\": "src/Composer/Installers"
                }
            },
            "notification-url": "https://packagist.org/downloads/",
            "license": [
                "MIT"
            ],
            "authors": [
                {
                    "name": "Kyle Robinson Young",
                    "email": "kyle@dontkry.com",
                    "homepage": "https://github.com/shama"
                }
            ],
            "description": "A multi-framework Composer library installer",
            "homepage": "https://composer.github.io/installers/",
            "keywords": [
                "Craft",
                "Dolibarr",
                "Eliasis",
                "Hurad",
                "ImageCMS",
                "Kanboard",
                "MODX Evo",
                "Mautic",
                "Maya",
                "OXID",
                "Plentymarkets",
                "Porto",
                "RadPHP",
                "SMF",
                "Thelia",
                "WolfCMS",
                "agl",
                "aimeos",
                "annotatecms",
                "attogram",
                "bitrix",
                "cakephp",
                "chef",
                "cockpit",
                "codeigniter",
                "concrete5",
                "croogo",
                "dokuwiki",
                "drupal",
                "elgg",
                "expressionengine",
                "fuelphp",
                "grav",
                "installer",
                "itop",
                "joomla",
                "kohana",
                "laravel",
                "lavalite",
                "lithium",
                "magento",
                "mako",
                "mediawiki",
                "modulework",
                "moodle",
                "phpbb",
                "piwik",
                "ppi",
                "puppet",
                "reindex",
                "roundcube",
                "shopware",
                "silverstripe",
                "sydes",
                "symfony",
                "typo3",
                "wordpress",
                "yawik",
                "zend",
                "zikula"
            ],
            "time": "2017-04-24T06:37:16+00:00"
        },
        {
            "name": "cweagans/composer-patches",
            "version": "1.6.1",
            "source": {
                "type": "git",
                "url": "https://github.com/cweagans/composer-patches.git",
                "reference": "b3036f23b73570ab5d869e345277786c8eb248a9"
            },
            "dist": {
                "type": "zip",
                "url": "https://api.github.com/repos/cweagans/composer-patches/zipball/b3036f23b73570ab5d869e345277786c8eb248a9",
                "reference": "b3036f23b73570ab5d869e345277786c8eb248a9",
                "shasum": ""
            },
            "require": {
                "composer-plugin-api": "^1.0",
                "php": ">=5.3.0"
            },
            "require-dev": {
                "composer/composer": "~1.0",
                "phpunit/phpunit": "~4.6"
            },
            "type": "composer-plugin",
            "extra": {
                "class": "cweagans\\Composer\\Patches"
            },
            "autoload": {
                "psr-4": {
                    "cweagans\\Composer\\": "src"
                }
            },
            "notification-url": "https://packagist.org/downloads/",
            "license": [
                "BSD-2-Clause"
            ],
            "authors": [
                {
                    "name": "Cameron Eagans",
                    "email": "me@cweagans.net"
                }
            ],
            "description": "Provides a way to patch Composer packages.",
            "time": "2017-03-19T18:18:52+00:00"
        },
        {
            "name": "drupal-composer/drupal-scaffold",
            "version": "2.3.0",
            "source": {
                "type": "git",
                "url": "https://github.com/drupal-composer/drupal-scaffold.git",
                "reference": "1374e1031b98beb502abea3854f361304965c628"
            },
            "dist": {
                "type": "zip",
                "url": "https://api.github.com/repos/drupal-composer/drupal-scaffold/zipball/1374e1031b98beb502abea3854f361304965c628",
                "reference": "1374e1031b98beb502abea3854f361304965c628",
                "shasum": ""
            },
            "require": {
                "composer-plugin-api": "^1.0.0",
                "php": ">=5.4.5"
            },
            "require-dev": {
                "composer/composer": "dev-master",
                "phpunit/phpunit": "^4.4.0"
            },
            "type": "composer-plugin",
            "extra": {
                "class": "DrupalComposer\\DrupalScaffold\\Plugin",
                "branch-alias": {
                    "dev-master": "2.0.x-dev"
                }
            },
            "autoload": {
                "psr-4": {
                    "DrupalComposer\\DrupalScaffold\\": "src/"
                }
            },
            "notification-url": "https://packagist.org/downloads/",
            "license": [
                "GPL-2.0+"
            ],
            "description": "Composer Plugin for updating the Drupal scaffold files when using drupal/core",
            "time": "2017-05-05T21:26:28+00:00"
        },
        {
            "name": "drupal/bootstrap_kit",
            "version": "dev-4.x",
            "source": {
                "type": "git",
                "url": "https://git.drupal.org/project/bootstrap_kit",
                "reference": "ebf6200a4e1dcb66a56d108d81513f3dfee1993d"
            },
            "require": {
                "drupal/core": "*"
            },
            "require-dev": {
                "drupal/bricks": "*",
                "drupal/bricks_default": "*"
            },
            "type": "drupal-module",
            "extra": {
                "branch-alias": {
                    "dev-4.x": "4.x-dev"
                },
                "drupal": {
                    "version": "8.x-4.2-alpha1+3-dev",
                    "datestamp": "1497135241"
                }
            },
            "notification-url": "https://packages.drupal.org/8/downloads",
            "license": [
                "GPL-2.0+"
            ],
            "authors": [
                {
                    "name": "tonystar",
                    "homepage": "https://www.drupal.org/user/787240"
                }
            ],
            "description": "Set of default layouts for Bootstrap 4.",
            "homepage": "https://www.drupal.org/project/bootstrap_kit",
            "support": {
                "source": "http://cgit.drupalcode.org/bootstrap_kit"
            },
            "time": "2017-06-10 22:48:01"
        },
        {
            "name": "drupal/bricks",
            "version": "dev-1.x",
            "source": {
                "type": "git",
                "url": "https://git.drupal.org/project/bricks",
                "reference": "791450de88e09b1b21b768e80797224627d8b75d"
            },
            "require": {
                "drupal/core": "~8.0"
            },
            "require-dev": {
                "drupal/bricks_inline": "*",
                "drupal/eck": "*",
                "drupal/entity_reference_revisions": "*",
                "drupal/inline_entity_form": "*"
            },
            "type": "drupal-module",
            "extra": {
                "branch-alias": {
                    "dev-1.x": "1.x-dev"
                },
                "drupal": {
                    "version": "8.x-1.5+8-dev",
                    "datestamp": "1497123542"
                }
            },
            "notification-url": "https://packages.drupal.org/8/downloads",
            "license": [
                "GPL-2.0+"
            ],
            "authors": [
                {
                    "name": "tonystar",
                    "homepage": "https://www.drupal.org/user/787240"
                }
            ],
            "description": "Allows to create bricky content.",
            "homepage": "https://www.drupal.org/project/bricks",
            "support": {
                "source": "http://cgit.drupalcode.org/bricks"
            },
            "time": "2017-06-10 20:01:18"
        },
        {
            "name": "drupal/deploy",
            "version": "dev-1.x",
            "source": {
                "type": "git",
                "url": "https://git.drupal.org/project/deploy",
                "reference": "5a9629708bc32c3dbb901bde04541143ac27ed14"
            },
            "require": {
                "drupal/core": "~8.0",
                "drupal/workspace": "*",
                "relaxedws/replicator": "dev-master"
            },
            "type": "drupal-module",
            "extra": {
                "branch-alias": {
                    "dev-1.x": "1.x-dev"
                },
                "drupal": {
                    "version": "8.x-1.0-beta1+2-dev",
                    "datestamp": "1494234185"
                }
            },
            "notification-url": "https://packages.drupal.org/8/downloads",
            "license": [
                "GPL-2.0+"
            ],
            "authors": [
                {
                    "name": "Tim Millwood",
                    "homepage": "https://www.drupal.org/user/83372",
                    "email": "tim@millwoodonline.co.uk"
                },
                {
                    "name": "dixon_",
                    "homepage": "https://www.drupal.org/user/239911"
                },
                {
                    "name": "jeqq",
                    "homepage": "https://www.drupal.org/user/1427908"
                },
                {
                    "name": "skwashd",
                    "homepage": "https://www.drupal.org/user/116305"
                },
                {
                    "name": "timmillwood",
                    "homepage": "https://www.drupal.org/user/227849"
                }
            ],
            "description": " Allows content to be deployed between servers. Either to be used as a content staging solution or to deploy content across a cluster of different sites.",
            "homepage": "https://www.drupal.org/project/deploy",
            "support": {
                "source": "http://cgit.drupalcode.org/deploy"
            },
            "time": "2017-05-08 11:31:00"
        },
        {
            "name": "drupal/eck",
            "version": "dev-1.x",
            "source": {
                "type": "git",
                "url": "https://git.drupal.org/project/eck",
                "reference": "92d57011ae1b7b72f1be7095db8b7fdcc1c94e3d"
            },
            "require": {
                "drupal/core": "^8"
            },
            "type": "drupal-module",
            "extra": {
                "branch-alias": {
                    "dev-1.x": "1.x-dev"
                },
                "drupal": {
                    "version": "8.x-1.0-alpha3+2-dev",
                    "datestamp": "1483443242"
                }
            },
            "notification-url": "https://packages.drupal.org/8/downloads",
            "license": [
                "GPL-2.0+"
            ],
            "authors": [
                {
                    "name": "See contributors",
                    "homepage": "https://www.drupal.org/node/1155832/committers"
                },
                {
                    "name": "dpopdan",
                    "homepage": "https://www.drupal.org/user/2759811"
                },
                {
                    "name": "eric.napier",
                    "homepage": "https://www.drupal.org/user/501688"
                },
                {
                    "name": "fmizzell",
                    "homepage": "https://www.drupal.org/user/1312210"
                },
                {
                    "name": "legolasbo",
                    "homepage": "https://www.drupal.org/user/2480548"
                },
                {
                    "name": "mducharme",
                    "homepage": "https://www.drupal.org/user/616996"
                },
                {
                    "name": "mihai_brb",
                    "homepage": "https://www.drupal.org/user/2065978"
                },
                {
                    "name": "wjaspers",
                    "homepage": "https://www.drupal.org/user/813890"
                }
            ],
            "description": "ECK (Entity Contruction Kit) allows users to create and administer entity types, bundles and entities from the UI.",
            "homepage": "https://www.drupal.org/project/eck",
            "support": {
                "source": "http://git.drupal.org/project/eck.git",
                "issues": "https://www.drupal.org/project/issues/eck"
            },
            "time": "2017-02-22 19:08:19"
        },
        {
            "name": "drupal/entity_reference_revisions",
            "version": "dev-1.x",
            "source": {
                "type": "git",
                "url": "https://git.drupal.org/project/entity_reference_revisions",
                "reference": "58ea6ad14cce806ac5bbe1bc4d71ffc21b90e030"
            },
            "require": {
                "drupal/core": "~8.0"
            },
            "require-dev": {
                "drupal/diff": "*"
            },
            "type": "drupal-module",
            "extra": {
                "branch-alias": {
                    "dev-1.x": "1.x-dev"
                },
                "drupal": {
                    "version": "8.x-1.2+3-dev",
                    "datestamp": "1494232385"
                }
            },
            "notification-url": "https://packages.drupal.org/8/downloads",
            "license": [
                "GPL-2.0+"
            ],
            "authors": [
                {
                    "name": "Frans",
                    "homepage": "https://www.drupal.org/user/514222"
                },
                {
                    "name": "jeroen.b",
                    "homepage": "https://www.drupal.org/user/1853532"
                },
                {
                    "name": "miro_dietiker",
                    "homepage": "https://www.drupal.org/user/227761"
                }
            ],
            "description": "Adds a Entity Reference field type with revision support.",
            "homepage": "https://www.drupal.org/project/entity_reference_revisions",
            "support": {
                "source": "http://cgit.drupalcode.org/entity_reference_revisions"
            },
            "time": "2017-05-08 08:28:12"
        },
        {
            "name": "drupal/inline_entity_form",
            "version": "dev-1.x",
            "source": {
                "type": "git",
                "url": "https://git.drupal.org/project/inline_entity_form",
                "reference": "dbfc93fc961b3e6c84497390c62ec36d02c1c4d7"
            },
            "require": {
                "drupal/core": "~8.0"
            },
            "require-dev": {
                "drupal/entity_reference_revisions": "*"
            },
            "type": "drupal-module",
            "extra": {
                "branch-alias": {
                    "dev-1.x": "1.x-dev"
                },
                "drupal": {
                    "version": "8.x-1.0-beta1+2-dev",
                    "datestamp": "1479155639"
                }
            },
            "notification-url": "https://packages.drupal.org/8/downloads",
            "license": [
                "GPL-2.0+"
            ],
            "authors": [
                {
                    "name": "bojanz",
                    "homepage": "https://www.drupal.org/user/86106"
                },
                {
                    "name": "dawehner",
                    "homepage": "https://www.drupal.org/user/99340"
                },
                {
                    "name": "rszrama",
                    "homepage": "https://www.drupal.org/user/49344"
                },
                {
                    "name": "slashrsm",
                    "homepage": "https://www.drupal.org/user/744628"
                },
                {
                    "name": "webflo",
                    "homepage": "https://www.drupal.org/user/254778"
                }
            ],
            "description": "Provides a widget for inline management (creation, modification, removal) of referenced entities.",
            "homepage": "https://www.drupal.org/project/inline_entity_form",
            "support": {
                "source": "http://cgit.drupalcode.org/inline_entity_form"
            },
            "time": "2016-11-14 20:32:26"
        },
        {
            "name": "drupal/tweme",
            "version": "dev-4.x",
            "source": {
                "type": "git",
                "url": "https://git.drupal.org/project/tweme",
                "reference": "a7ea4689a887eeb87c1e9a2549b5892245243510"
            },
            "require": {
                "drupal/core": "~8.0"
            },
            "type": "drupal-theme",
            "extra": {
                "branch-alias": {
                    "dev-4.x": "4.x-dev"
                },
                "drupal": {
                    "version": "8.x-4.1+1-dev",
                    "datestamp": "1490438584"
                }
            },
            "notification-url": "https://packages.drupal.org/8/downloads",
            "license": [
                "GPL-2.0+"
            ],
            "authors": [
                {
                    "name": "tonystar",
                    "homepage": "https://www.drupal.org/user/787240"
                }
            ],
            "homepage": "https://www.drupal.org/project/tweme",
            "support": {
                "source": "http://cgit.drupalcode.org/tweme"
            },
            "time": "2017-03-25 16:41:36"
        },
        {
            "name": "drupal/workspace",
            "version": "dev-2.x",
            "source": {
                "type": "git",
                "url": "https://git.drupal.org/project/workspace",
                "reference": "2b2f71742d642b54c4595528c647cd59a2698c97"
            },
            "require": {
                "drupal/core": "*"
            },
            "type": "drupal-module",
            "extra": {
                "branch-alias": {
                    "dev-2.x": "2.x-dev"
                },
                "drupal": {
                    "version": "8.x-2.x-dev",
                    "datestamp": "1495554184"
                }
            },
            "notification-url": "https://packages.drupal.org/8/downloads",
            "license": [
                "GPL-2.0+"
            ],
            "authors": [
                {
                    "name": "Crell",
                    "homepage": "https://www.drupal.org/user/26398"
                },
                {
                    "name": "Frank Ralf",
                    "homepage": "https://www.drupal.org/user/216048"
                },
                {
                    "name": "dixon_",
                    "homepage": "https://www.drupal.org/user/239911"
                },
                {
                    "name": "jeqq",
                    "homepage": "https://www.drupal.org/user/1427908"
                },
                {
                    "name": "jvandyk",
                    "homepage": "https://www.drupal.org/user/2375"
                },
                {
                    "name": "timmillwood",
                    "homepage": "https://www.drupal.org/user/227849"
                }
            ],
            "description": "Provides the ability to have multiple workspaces on a single site to facilitate things like full-site preview and content staging.",
            "homepage": "https://www.drupal.org/project/workspace",
            "support": {
                "source": "http://cgit.drupalcode.org/workspace"
            },
            "time": "2017-05-26 15:04:28"
        },
        {
            "name": "drupalway/drupal-bricky",
            "version": "dev-initial_profile_version",
            "source": {
                "type": "git",
                "url": "https://github.com/drupalway/drupal-bricky.git",
                "reference": "f75288a0abce00d5ee5b191d6094460e0c6d0341"
            },
            "dist": {
                "type": "zip",
                "url": "https://api.github.com/repos/drupalway/drupal-bricky/zipball/f75288a0abce00d5ee5b191d6094460e0c6d0341",
                "reference": "f75288a0abce00d5ee5b191d6094460e0c6d0341",
                "shasum": ""
            },
            "require": {
                "composer/installers": "^1.0.24",
                "drupal/bootstrap_kit": "~4.0",
                "drupal/bricks": "1.x-dev",
                "drupal/deploy": "~1.0",
                "drupal/eck": "~1.0",
                "drupal/entity_reference_revisions": "~1.0",
                "drupal/inline_entity_form": "~1.0",
                "drupal/tweme": "~4.0"
            },
            "replace": {
                "drupal/core": "~8.3"
            },
            "type": "drupal-profile",
            "extra": {
                "installer-paths": {
                    "modules/contrib/{$name}": [
                        "type:drupal-module"
                    ],
                    "themes/contrib/{$name}": [
                        "type:drupal-theme"
                    ]
                }
            },
            "notification-url": "https://packagist.org/downloads/",
            "license": [
                "GPL-2.0+"
            ],
            "description": "Bricks using oriented Drupal distribution",
            "time": "2017-06-11 10:16:55"
        },
        {
            "name": "relaxedws/couchdb",
            "version": "dev-master",
            "source": {
                "type": "git",
                "url": "https://github.com/relaxedws/couchdb-client.git",
                "reference": "45197b808a5e3d72b88aabf7ac589713c676db68"
            },
            "dist": {
                "type": "zip",
                "url": "https://api.github.com/repos/relaxedws/couchdb-client/zipball/45197b808a5e3d72b88aabf7ac589713c676db68",
                "reference": "45197b808a5e3d72b88aabf7ac589713c676db68",
                "shasum": ""
            },
            "require": {
                "php": ">=5.4"
            },
            "require-dev": {
                "phpunit/phpunit": "~4.0"
            },
            "type": "library",
            "extra": {
                "branch-alias": {
                    "dev-master": "1.0-dev"
                }
            },
            "autoload": {
                "psr-0": {
                    "Doctrine\\CouchDB": "lib/"
                }
            },
            "notification-url": "https://packagist.org/downloads/",
            "license": [
                "MIT"
            ],
            "authors": [
                {
                    "name": "Benjamin Eberlei",
                    "email": "kontakt@beberlei.de"
                },
                {
                    "name": "Lukas Kahwe Smith",
                    "email": "smith@pooteeweet.org"
                }
            ],
            "description": "CouchDB Client",
            "homepage": "http://www.doctrine-project.org",
            "keywords": [
                "couchdb",
                "persistence"
            ],
            "time": "2017-04-26 19:56:15"
        },
        {
            "name": "relaxedws/replicator",
            "version": "dev-master",
            "source": {
                "type": "git",
                "url": "https://github.com/relaxedws/couchdb-replicator.git",
                "reference": "9c83cadde47aea643e88a7eebe92eec991e5fa5b"
            },
            "dist": {
                "type": "zip",
                "url": "https://api.github.com/repos/relaxedws/couchdb-replicator/zipball/9c83cadde47aea643e88a7eebe92eec991e5fa5b",
                "reference": "9c83cadde47aea643e88a7eebe92eec991e5fa5b",
                "shasum": ""
            },
            "require": {
                "relaxedws/couchdb": "~1"
            },
            "require-dev": {
                "phpunit/phpunit": "4.8.*"
            },
            "type": "library",
            "autoload": {
                "psr-4": {
                    "Relaxed\\Replicator\\": "src"
                }
            },
            "notification-url": "https://packagist.org/downloads/",
            "license": [
                "GPL-2.0+"
            ],
            "authors": [
                {
                    "name": "abhishek kumar",
                    "email": "abhi170893@gmail.com"
                }
            ],
            "description": "couchdb-replicator",
            "time": "2017-05-17 09:31:09"
        },
        {
            "name": "webflo/drupal-finder",
            "version": "0.3.0",
            "source": {
                "type": "git",
                "url": "https://github.com/webflo/drupal-finder.git",
                "reference": "6ef150707aad1755d91f9b0d2108bcc16661e76b"
            },
            "dist": {
                "type": "zip",
                "url": "https://api.github.com/repos/webflo/drupal-finder/zipball/6ef150707aad1755d91f9b0d2108bcc16661e76b",
                "reference": "6ef150707aad1755d91f9b0d2108bcc16661e76b",
                "shasum": ""
            },
            "require-dev": {
                "mikey179/vfsstream": "^1.6",
                "phpunit/phpunit": "^4.8"
            },
            "type": "library",
            "autoload": {
                "classmap": [
                    "src/DrupalFinder.php"
                ]
            },
            "notification-url": "https://packagist.org/downloads/",
            "license": [
                "GPL-2.0+"
            ],
            "authors": [
                {
                    "name": "Florian Weber",
                    "email": "florian@webflo.org"
                }
            ],
            "description": "Helper class to locate a Drupal installation from a given path.",
            "time": "2017-05-04T08:54:02+00:00"
        }
    ],
    "packages-dev": [],
    "aliases": [],
    "minimum-stability": "dev",
    "stability-flags": {
        "drupalway/drupal-bricky": 20
    },
    "prefer-stable": false,
    "prefer-lowest": false,
    "platform": [],
    "platform-dev": []
}
